{
  "name": "practice",
  "version": "1.0.0",
  "lockfileVersion": 3,
  "requires": true,
  "packages": {
    "": {
      "name": "practice",
      "version": "1.0.0",
      "license": "ISC",
      "dependencies": {
        "bootstrap.native": "^5.0.9"
      }
    },
    "node_modules/@thednp/event-listener": {
      "version": "2.0.2",
      "resolved": "https://registry.npmjs.org/@thednp/event-listener/-/event-listener-2.0.2.tgz",
      "integrity": "sha512-/X+q1i2wvG3ESU4UVmJGkMNY192YcdfWIOOPNcpfDVHerPt3LgN981V0z/qNF2PQxrZpXs0r9qt+IQrmxrL5Og=="
    },
    "node_modules/@thednp/shorty": {
      "version": "2.0.0-alpha16",
      "resolved": "https://registry.npmjs.org/@thednp/shorty/-/shorty-2.0.0-alpha16.tgz",
      "integrity": "sha512-qsQEVifqyWnJ9y8O6P2sm4lgsavd30YCRmATAhBKw409tugi7Nv5TJP4IU0rep9mM/QDcPoCfkiJaYQHmSQURw=="
    },
    "node_modules/bootstrap.native": {
      "version": "5.0.9",
      "resolved": "https://registry.npmjs.org/bootstrap.native/-/bootstrap.native-5.0.9.tgz",
      "integrity": "sha512-v4/2nYE8nj+WWH8jr8rGnSgVozwwBbQGTWmDCSaW0R+xzU96wD666SzXPjOYnU7E5Q5NPX7QihPvAYFqHM4p1A==",
      "dependencies": {
        "@thednp/event-listener": "^2.0.2",
        "@thednp/shorty": "^2.0.0-alpha16"
      }
    }
  }
}
